// !$*UTF8*$!
{
	archiveVersion = 1;
	classes = {
	};
	objectVersion = 51;
	objects = {

/* Begin PBXBuildFile section */
		0D3B2D7027313A040053CB92 /* FeedTableViewController.swift in Sources */ = {isa = PBXBuildFile; fileRef = 0D3B2D6F27313A040053CB92 /* FeedTableViewController.swift */; };
		2CD6CB35F7740A0410AD39EE /* Pods_Triton_Cape.framework in Frameworks */ = {isa = PBXBuildFile; fileRef = 09EA2F2ABF929E33065FC126 /* Pods_Triton_Cape.framework */; };
		48510FC5C1223CD96C5792B8 /* Pods_Triton_Cape_Triton_CapeUITests.framework in Frameworks */ = {isa = PBXBuildFile; fileRef = 5EE458D3A7B0F33C86D4C7C7 /* Pods_Triton_Cape_Triton_CapeUITests.framework */; };
		D64D8B162728FE2600315F5B /* AppDelegate.swift in Sources */ = {isa = PBXBuildFile; fileRef = D64D8B152728FE2600315F5B /* AppDelegate.swift */; };
		D64D8B182728FE2600315F5B /* SceneDelegate.swift in Sources */ = {isa = PBXBuildFile; fileRef = D64D8B172728FE2600315F5B /* SceneDelegate.swift */; };
		D64D8B1D2728FE2600315F5B /* Main.storyboard in Resources */ = {isa = PBXBuildFile; fileRef = D64D8B1B2728FE2600315F5B /* Main.storyboard */; };
		D64D8B1F2728FE2900315F5B /* Assets.xcassets in Resources */ = {isa = PBXBuildFile; fileRef = D64D8B1E2728FE2900315F5B /* Assets.xcassets */; };
		D64D8B222728FE2900315F5B /* LaunchScreen.storyboard in Resources */ = {isa = PBXBuildFile; fileRef = D64D8B202728FE2900315F5B /* LaunchScreen.storyboard */; };
		D64D8B2D2728FE2900315F5B /* Triton_CapeTests.swift in Sources */ = {isa = PBXBuildFile; fileRef = D64D8B2C2728FE2900315F5B /* Triton_CapeTests.swift */; };
		D64D8B382728FE2900315F5B /* Triton_CapeUITests.swift in Sources */ = {isa = PBXBuildFile; fileRef = D64D8B372728FE2900315F5B /* Triton_CapeUITests.swift */; };
		D64D8B46272D130B00315F5B /* loginViewController.swift in Sources */ = {isa = PBXBuildFile; fileRef = D64D8B45272D130B00315F5B /* loginViewController.swift */; };
		ECBB4779444D18E0FF315F73 /* Pods_Triton_CapeTests.framework in Frameworks */ = {isa = PBXBuildFile; fileRef = B9E34E5EEDECEFB631D60DDB /* Pods_Triton_CapeTests.framework */; };
/* End PBXBuildFile section */

/* Begin PBXContainerItemProxy section */
		D64D8B292728FE2900315F5B /* PBXContainerItemProxy */ = {
			isa = PBXContainerItemProxy;
			containerPortal = D64D8B0A2728FE2600315F5B /* Project object */;
			proxyType = 1;
			remoteGlobalIDString = D64D8B112728FE2600315F5B;
			remoteInfo = "Triton-Cape";
		};
		D64D8B342728FE2900315F5B /* PBXContainerItemProxy */ = {
			isa = PBXContainerItemProxy;
			containerPortal = D64D8B0A2728FE2600315F5B /* Project object */;
			proxyType = 1;
			remoteGlobalIDString = D64D8B112728FE2600315F5B;
			remoteInfo = "Triton-Cape";
		};
/* End PBXContainerItemProxy section */

/* Begin PBXFileReference section */
		072CB527ADC907A55B99605F /* Pods-Triton-Cape-Triton-CapeUITests.debug.xcconfig */ = {isa = PBXFileReference; includeInIndex = 1; lastKnownFileType = text.xcconfig; name = "Pods-Triton-Cape-Triton-CapeUITests.debug.xcconfig"; path = "Target Support Files/Pods-Triton-Cape-Triton-CapeUITests/Pods-Triton-Cape-Triton-CapeUITests.debug.xcconfig"; sourceTree = "<group>"; };
		09EA2F2ABF929E33065FC126 /* Pods_Triton_Cape.framework */ = {isa = PBXFileReference; explicitFileType = wrapper.framework; includeInIndex = 0; path = Pods_Triton_Cape.framework; sourceTree = BUILT_PRODUCTS_DIR; };
		0A8674C1B99FC67283B07D0B /* Pods-Triton-Cape.release.xcconfig */ = {isa = PBXFileReference; includeInIndex = 1; lastKnownFileType = text.xcconfig; name = "Pods-Triton-Cape.release.xcconfig"; path = "Target Support Files/Pods-Triton-Cape/Pods-Triton-Cape.release.xcconfig"; sourceTree = "<group>"; };
		0D3B2D6F27313A040053CB92 /* FeedTableViewController.swift */ = {isa = PBXFileReference; lastKnownFileType = sourcecode.swift; path = FeedTableViewController.swift; sourceTree = "<group>"; };
		2935B98A2AB56AF856CAE44B /* Pods-Triton-CapeTests.release.xcconfig */ = {isa = PBXFileReference; includeInIndex = 1; lastKnownFileType = text.xcconfig; name = "Pods-Triton-CapeTests.release.xcconfig"; path = "Target Support Files/Pods-Triton-CapeTests/Pods-Triton-CapeTests.release.xcconfig"; sourceTree = "<group>"; };
		3FDB8CF9B845C0FAAE30FE9E /* Pods-Triton-Cape-Triton-CapeUITests.release.xcconfig */ = {isa = PBXFileReference; includeInIndex = 1; lastKnownFileType = text.xcconfig; name = "Pods-Triton-Cape-Triton-CapeUITests.release.xcconfig"; path = "Target Support Files/Pods-Triton-Cape-Triton-CapeUITests/Pods-Triton-Cape-Triton-CapeUITests.release.xcconfig"; sourceTree = "<group>"; };
		5237C6241B6F49EECF63EECB /* Pods-Triton-Cape.debug.xcconfig */ = {isa = PBXFileReference; includeInIndex = 1; lastKnownFileType = text.xcconfig; name = "Pods-Triton-Cape.debug.xcconfig"; path = "Target Support Files/Pods-Triton-Cape/Pods-Triton-Cape.debug.xcconfig"; sourceTree = "<group>"; };
		5EE458D3A7B0F33C86D4C7C7 /* Pods_Triton_Cape_Triton_CapeUITests.framework */ = {isa = PBXFileReference; explicitFileType = wrapper.framework; includeInIndex = 0; path = Pods_Triton_Cape_Triton_CapeUITests.framework; sourceTree = BUILT_PRODUCTS_DIR; };
		B9E34E5EEDECEFB631D60DDB /* Pods_Triton_CapeTests.framework */ = {isa = PBXFileReference; explicitFileType = wrapper.framework; includeInIndex = 0; path = Pods_Triton_CapeTests.framework; sourceTree = BUILT_PRODUCTS_DIR; };
		D64D8B122728FE2600315F5B /* Triton-Cape.app */ = {isa = PBXFileReference; explicitFileType = wrapper.application; includeInIndex = 0; path = "Triton-Cape.app"; sourceTree = BUILT_PRODUCTS_DIR; };
		D64D8B152728FE2600315F5B /* AppDelegate.swift */ = {isa = PBXFileReference; lastKnownFileType = sourcecode.swift; path = AppDelegate.swift; sourceTree = "<group>"; };
		D64D8B172728FE2600315F5B /* SceneDelegate.swift */ = {isa = PBXFileReference; lastKnownFileType = sourcecode.swift; path = SceneDelegate.swift; sourceTree = "<group>"; };
		D64D8B1C2728FE2600315F5B /* Base */ = {isa = PBXFileReference; lastKnownFileType = file.storyboard; name = Base; path = Base.lproj/Main.storyboard; sourceTree = "<group>"; };
		D64D8B1E2728FE2900315F5B /* Assets.xcassets */ = {isa = PBXFileReference; lastKnownFileType = folder.assetcatalog; path = Assets.xcassets; sourceTree = "<group>"; };
		D64D8B212728FE2900315F5B /* Base */ = {isa = PBXFileReference; lastKnownFileType = file.storyboard; name = Base; path = Base.lproj/LaunchScreen.storyboard; sourceTree = "<group>"; };
		D64D8B232728FE2900315F5B /* Info.plist */ = {isa = PBXFileReference; lastKnownFileType = text.plist.xml; path = Info.plist; sourceTree = "<group>"; };
		D64D8B282728FE2900315F5B /* Triton-CapeTests.xctest */ = {isa = PBXFileReference; explicitFileType = wrapper.cfbundle; includeInIndex = 0; path = "Triton-CapeTests.xctest"; sourceTree = BUILT_PRODUCTS_DIR; };
		D64D8B2C2728FE2900315F5B /* Triton_CapeTests.swift */ = {isa = PBXFileReference; lastKnownFileType = sourcecode.swift; path = Triton_CapeTests.swift; sourceTree = "<group>"; };
		D64D8B2E2728FE2900315F5B /* Info.plist */ = {isa = PBXFileReference; lastKnownFileType = text.plist.xml; path = Info.plist; sourceTree = "<group>"; };
		D64D8B332728FE2900315F5B /* Triton-CapeUITests.xctest */ = {isa = PBXFileReference; explicitFileType = wrapper.cfbundle; includeInIndex = 0; path = "Triton-CapeUITests.xctest"; sourceTree = BUILT_PRODUCTS_DIR; };
		D64D8B372728FE2900315F5B /* Triton_CapeUITests.swift */ = {isa = PBXFileReference; lastKnownFileType = sourcecode.swift; path = Triton_CapeUITests.swift; sourceTree = "<group>"; };
		D64D8B392728FE2900315F5B /* Info.plist */ = {isa = PBXFileReference; lastKnownFileType = text.plist.xml; path = Info.plist; sourceTree = "<group>"; };
		D64D8B45272D130B00315F5B /* loginViewController.swift */ = {isa = PBXFileReference; lastKnownFileType = sourcecode.swift; path = loginViewController.swift; sourceTree = "<group>"; };
		E97E7D94AFD8A1C3B8D88895 /* Pods-Triton-CapeTests.debug.xcconfig */ = {isa = PBXFileReference; includeInIndex = 1; lastKnownFileType = text.xcconfig; name = "Pods-Triton-CapeTests.debug.xcconfig"; path = "Target Support Files/Pods-Triton-CapeTests/Pods-Triton-CapeTests.debug.xcconfig"; sourceTree = "<group>"; };
/* End PBXFileReference section */

/* Begin PBXFrameworksBuildPhase section */
		D64D8B0F2728FE2600315F5B /* Frameworks */ = {
			isa = PBXFrameworksBuildPhase;
			buildActionMask = 2147483647;
			files = (
				2CD6CB35F7740A0410AD39EE /* Pods_Triton_Cape.framework in Frameworks */,
			);
			runOnlyForDeploymentPostprocessing = 0;
		};
		D64D8B252728FE2900315F5B /* Frameworks */ = {
			isa = PBXFrameworksBuildPhase;
			buildActionMask = 2147483647;
			files = (
				ECBB4779444D18E0FF315F73 /* Pods_Triton_CapeTests.framework in Frameworks */,
			);
			runOnlyForDeploymentPostprocessing = 0;
		};
		D64D8B302728FE2900315F5B /* Frameworks */ = {
			isa = PBXFrameworksBuildPhase;
			buildActionMask = 2147483647;
			files = (
				48510FC5C1223CD96C5792B8 /* Pods_Triton_Cape_Triton_CapeUITests.framework in Frameworks */,
			);
			runOnlyForDeploymentPostprocessing = 0;
		};
/* End PBXFrameworksBuildPhase section */

/* Begin PBXGroup section */
		84FAF827CC40E9FB08B6B1DE /* Frameworks */ = {
			isa = PBXGroup;
			children = (
				09EA2F2ABF929E33065FC126 /* Pods_Triton_Cape.framework */,
				5EE458D3A7B0F33C86D4C7C7 /* Pods_Triton_Cape_Triton_CapeUITests.framework */,
				B9E34E5EEDECEFB631D60DDB /* Pods_Triton_CapeTests.framework */,
			);
			name = Frameworks;
			sourceTree = "<group>";
		};
		BF0A20F47C91B59E747A4D1B /* Pods */ = {
			isa = PBXGroup;
			children = (
				5237C6241B6F49EECF63EECB /* Pods-Triton-Cape.debug.xcconfig */,
				0A8674C1B99FC67283B07D0B /* Pods-Triton-Cape.release.xcconfig */,
				072CB527ADC907A55B99605F /* Pods-Triton-Cape-Triton-CapeUITests.debug.xcconfig */,
				3FDB8CF9B845C0FAAE30FE9E /* Pods-Triton-Cape-Triton-CapeUITests.release.xcconfig */,
				E97E7D94AFD8A1C3B8D88895 /* Pods-Triton-CapeTests.debug.xcconfig */,
				2935B98A2AB56AF856CAE44B /* Pods-Triton-CapeTests.release.xcconfig */,
			);
			path = Pods;
			sourceTree = "<group>";
		};
		D64D8B092728FE2600315F5B = {
			isa = PBXGroup;
			children = (
				D64D8B142728FE2600315F5B /* Triton-Cape */,
				D64D8B2B2728FE2900315F5B /* Triton-CapeTests */,
				D64D8B362728FE2900315F5B /* Triton-CapeUITests */,
				D64D8B132728FE2600315F5B /* Products */,
				BF0A20F47C91B59E747A4D1B /* Pods */,
				84FAF827CC40E9FB08B6B1DE /* Frameworks */,
			);
			sourceTree = "<group>";
		};
		D64D8B132728FE2600315F5B /* Products */ = {
			isa = PBXGroup;
			children = (
				D64D8B122728FE2600315F5B /* Triton-Cape.app */,
				D64D8B282728FE2900315F5B /* Triton-CapeTests.xctest */,
				D64D8B332728FE2900315F5B /* Triton-CapeUITests.xctest */,
			);
			name = Products;
			sourceTree = "<group>";
		};
		D64D8B142728FE2600315F5B /* Triton-Cape */ = {
			isa = PBXGroup;
			children = (
				D64D8B152728FE2600315F5B /* AppDelegate.swift */,
				D64D8B172728FE2600315F5B /* SceneDelegate.swift */,
				D64D8B1B2728FE2600315F5B /* Main.storyboard */,
				D64D8B45272D130B00315F5B /* loginViewController.swift */,
				D64D8B1E2728FE2900315F5B /* Assets.xcassets */,
				D64D8B202728FE2900315F5B /* LaunchScreen.storyboard */,
				D64D8B232728FE2900315F5B /* Info.plist */,
				0D3B2D6F27313A040053CB92 /* FeedTableViewController.swift */,
			);
			path = "Triton-Cape";
			sourceTree = "<group>";
		};
		D64D8B2B2728FE2900315F5B /* Triton-CapeTests */ = {
			isa = PBXGroup;
			children = (
				D64D8B2C2728FE2900315F5B /* Triton_CapeTests.swift */,
				D64D8B2E2728FE2900315F5B /* Info.plist */,
			);
			path = "Triton-CapeTests";
			sourceTree = "<group>";
		};
		D64D8B362728FE2900315F5B /* Triton-CapeUITests */ = {
			isa = PBXGroup;
			children = (
				D64D8B372728FE2900315F5B /* Triton_CapeUITests.swift */,
				D64D8B392728FE2900315F5B /* Info.plist */,
			);
			path = "Triton-CapeUITests";
			sourceTree = "<group>";
		};
/* End PBXGroup section */

/* Begin PBXNativeTarget section */
		D64D8B112728FE2600315F5B /* Triton-Cape */ = {
			isa = PBXNativeTarget;
			buildConfigurationList = D64D8B3C2728FE2900315F5B /* Build configuration list for PBXNativeTarget "Triton-Cape" */;
			buildPhases = (
				080B54CAE838DC52BE8B8327 /* [CP] Check Pods Manifest.lock */,
				D64D8B0E2728FE2600315F5B /* Sources */,
				D64D8B0F2728FE2600315F5B /* Frameworks */,
				D64D8B102728FE2600315F5B /* Resources */,
				913A9CED46A30CB1B550664E /* [CP] Embed Pods Frameworks */,
			);
			buildRules = (
			);
			dependencies = (
			);
			name = "Triton-Cape";
			productName = "Triton-Cape";
			productReference = D64D8B122728FE2600315F5B /* Triton-Cape.app */;
			productType = "com.apple.product-type.application";
		};
		D64D8B272728FE2900315F5B /* Triton-CapeTests */ = {
			isa = PBXNativeTarget;
			buildConfigurationList = D64D8B3F2728FE2900315F5B /* Build configuration list for PBXNativeTarget "Triton-CapeTests" */;
			buildPhases = (
				2573E89D8332D3E9535C2CA8 /* [CP] Check Pods Manifest.lock */,
				D64D8B242728FE2900315F5B /* Sources */,
				D64D8B252728FE2900315F5B /* Frameworks */,
				D64D8B262728FE2900315F5B /* Resources */,
			);
			buildRules = (
			);
			dependencies = (
				D64D8B2A2728FE2900315F5B /* PBXTargetDependency */,
			);
			name = "Triton-CapeTests";
			productName = "Triton-CapeTests";
			productReference = D64D8B282728FE2900315F5B /* Triton-CapeTests.xctest */;
			productType = "com.apple.product-type.bundle.unit-test";
		};
		D64D8B322728FE2900315F5B /* Triton-CapeUITests */ = {
			isa = PBXNativeTarget;
			buildConfigurationList = D64D8B422728FE2900315F5B /* Build configuration list for PBXNativeTarget "Triton-CapeUITests" */;
			buildPhases = (
				0415E704FBFC70C7C67FEDFE /* [CP] Check Pods Manifest.lock */,
				D64D8B2F2728FE2900315F5B /* Sources */,
				D64D8B302728FE2900315F5B /* Frameworks */,
				D64D8B312728FE2900315F5B /* Resources */,
				1B58D734E6F2CA4273756129 /* [CP] Embed Pods Frameworks */,
			);
			buildRules = (
			);
			dependencies = (
				D64D8B352728FE2900315F5B /* PBXTargetDependency */,
			);
			name = "Triton-CapeUITests";
			productName = "Triton-CapeUITests";
			productReference = D64D8B332728FE2900315F5B /* Triton-CapeUITests.xctest */;
			productType = "com.apple.product-type.bundle.ui-testing";
		};
/* End PBXNativeTarget section */

/* Begin PBXProject section */
		D64D8B0A2728FE2600315F5B /* Project object */ = {
			isa = PBXProject;
			attributes = {
				LastSwiftUpdateCheck = 1250;
				LastUpgradeCheck = 1250;
				TargetAttributes = {
					D64D8B112728FE2600315F5B = {
						CreatedOnToolsVersion = 12.5.1;
					};
					D64D8B272728FE2900315F5B = {
						CreatedOnToolsVersion = 12.5.1;
						TestTargetID = D64D8B112728FE2600315F5B;
					};
					D64D8B322728FE2900315F5B = {
						CreatedOnToolsVersion = 12.5.1;
						TestTargetID = D64D8B112728FE2600315F5B;
					};
				};
			};
			buildConfigurationList = D64D8B0D2728FE2600315F5B /* Build configuration list for PBXProject "Triton-Cape" */;
			compatibilityVersion = "Xcode 9.3";
			developmentRegion = en;
			hasScannedForEncodings = 0;
			knownRegions = (
				en,
				Base,
			);
			mainGroup = D64D8B092728FE2600315F5B;
			productRefGroup = D64D8B132728FE2600315F5B /* Products */;
			projectDirPath = "";
			projectRoot = "";
			targets = (
				D64D8B112728FE2600315F5B /* Triton-Cape */,
				D64D8B272728FE2900315F5B /* Triton-CapeTests */,
				D64D8B322728FE2900315F5B /* Triton-CapeUITests */,
			);
		};
/* End PBXProject section */

/* Begin PBXResourcesBuildPhase section */
		D64D8B102728FE2600315F5B /* Resources */ = {
			isa = PBXResourcesBuildPhase;
			buildActionMask = 2147483647;
			files = (
				D64D8B222728FE2900315F5B /* LaunchScreen.storyboard in Resources */,
				D64D8B1F2728FE2900315F5B /* Assets.xcassets in Resources */,
				D64D8B1D2728FE2600315F5B /* Main.storyboard in Resources */,
			);
			runOnlyForDeploymentPostprocessing = 0;
		};
		D64D8B262728FE2900315F5B /* Resources */ = {
			isa = PBXResourcesBuildPhase;
			buildActionMask = 2147483647;
			files = (
			);
			runOnlyForDeploymentPostprocessing = 0;
		};
		D64D8B312728FE2900315F5B /* Resources */ = {
			isa = PBXResourcesBuildPhase;
			buildActionMask = 2147483647;
			files = (
			);
			runOnlyForDeploymentPostprocessing = 0;
		};
/* End PBXResourcesBuildPhase section */

/* Begin PBXShellScriptBuildPhase section */
		0415E704FBFC70C7C67FEDFE /* [CP] Check Pods Manifest.lock */ = {
			isa = PBXShellScriptBuildPhase;
			buildActionMask = 2147483647;
			files = (
			);
			inputFileListPaths = (
			);
			inputPaths = (
				"${PODS_PODFILE_DIR_PATH}/Podfile.lock",
				"${PODS_ROOT}/Manifest.lock",
			);
			name = "[CP] Check Pods Manifest.lock";
			outputFileListPaths = (
			);
			outputPaths = (
				"$(DERIVED_FILE_DIR)/Pods-Triton-Cape-Triton-CapeUITests-checkManifestLockResult.txt",
			);
			runOnlyForDeploymentPostprocessing = 0;
			shellPath = /bin/sh;
			shellScript = "diff \"${PODS_PODFILE_DIR_PATH}/Podfile.lock\" \"${PODS_ROOT}/Manifest.lock\" > /dev/null\nif [ $? != 0 ] ; then\n    # print error to STDERR\n    echo \"error: The sandbox is not in sync with the Podfile.lock. Run 'pod install' or update your CocoaPods installation.\" >&2\n    exit 1\nfi\n# This output is used by Xcode 'outputs' to avoid re-running this script phase.\necho \"SUCCESS\" > \"${SCRIPT_OUTPUT_FILE_0}\"\n";
			showEnvVarsInLog = 0;
		};
		080B54CAE838DC52BE8B8327 /* [CP] Check Pods Manifest.lock */ = {
			isa = PBXShellScriptBuildPhase;
			buildActionMask = 2147483647;
			files = (
			);
			inputFileListPaths = (
			);
			inputPaths = (
				"${PODS_PODFILE_DIR_PATH}/Podfile.lock",
				"${PODS_ROOT}/Manifest.lock",
			);
			name = "[CP] Check Pods Manifest.lock";
			outputFileListPaths = (
			);
			outputPaths = (
				"$(DERIVED_FILE_DIR)/Pods-Triton-Cape-checkManifestLockResult.txt",
			);
			runOnlyForDeploymentPostprocessing = 0;
			shellPath = /bin/sh;
			shellScript = "diff \"${PODS_PODFILE_DIR_PATH}/Podfile.lock\" \"${PODS_ROOT}/Manifest.lock\" > /dev/null\nif [ $? != 0 ] ; then\n    # print error to STDERR\n    echo \"error: The sandbox is not in sync with the Podfile.lock. Run 'pod install' or update your CocoaPods installation.\" >&2\n    exit 1\nfi\n# This output is used by Xcode 'outputs' to avoid re-running this script phase.\necho \"SUCCESS\" > \"${SCRIPT_OUTPUT_FILE_0}\"\n";
			showEnvVarsInLog = 0;
		};
		1B58D734E6F2CA4273756129 /* [CP] Embed Pods Frameworks */ = {
			isa = PBXShellScriptBuildPhase;
			buildActionMask = 2147483647;
			files = (
			);
			inputFileListPaths = (
				"${PODS_ROOT}/Target Support Files/Pods-Triton-Cape-Triton-CapeUITests/Pods-Triton-Cape-Triton-CapeUITests-frameworks-${CONFIGURATION}-input-files.xcfilelist",
			);
			name = "[CP] Embed Pods Frameworks";
			outputFileListPaths = (
				"${PODS_ROOT}/Target Support Files/Pods-Triton-Cape-Triton-CapeUITests/Pods-Triton-Cape-Triton-CapeUITests-frameworks-${CONFIGURATION}-output-files.xcfilelist",
			);
			runOnlyForDeploymentPostprocessing = 0;
			shellPath = /bin/sh;
			shellScript = "\"${PODS_ROOT}/Target Support Files/Pods-Triton-Cape-Triton-CapeUITests/Pods-Triton-Cape-Triton-CapeUITests-frameworks.sh\"\n";
			showEnvVarsInLog = 0;
		};
		2573E89D8332D3E9535C2CA8 /* [CP] Check Pods Manifest.lock */ = {
			isa = PBXShellScriptBuildPhase;
			buildActionMask = 2147483647;
			files = (
			);
			inputFileListPaths = (
			);
			inputPaths = (
				"${PODS_PODFILE_DIR_PATH}/Podfile.lock",
				"${PODS_ROOT}/Manifest.lock",
			);
			name = "[CP] Check Pods Manifest.lock";
			outputFileListPaths = (
			);
			outputPaths = (
				"$(DERIVED_FILE_DIR)/Pods-Triton-CapeTests-checkManifestLockResult.txt",
			);
			runOnlyForDeploymentPostprocessing = 0;
			shellPath = /bin/sh;
			shellScript = "diff \"${PODS_PODFILE_DIR_PATH}/Podfile.lock\" \"${PODS_ROOT}/Manifest.lock\" > /dev/null\nif [ $? != 0 ] ; then\n    # print error to STDERR\n    echo \"error: The sandbox is not in sync with the Podfile.lock. Run 'pod install' or update your CocoaPods installation.\" >&2\n    exit 1\nfi\n# This output is used by Xcode 'outputs' to avoid re-running this script phase.\necho \"SUCCESS\" > \"${SCRIPT_OUTPUT_FILE_0}\"\n";
			showEnvVarsInLog = 0;
		};
		913A9CED46A30CB1B550664E /* [CP] Embed Pods Frameworks */ = {
			isa = PBXShellScriptBuildPhase;
			buildActionMask = 2147483647;
			files = (
			);
			inputFileListPaths = (
				"${PODS_ROOT}/Target Support Files/Pods-Triton-Cape/Pods-Triton-Cape-frameworks-${CONFIGURATION}-input-files.xcfilelist",
			);
			name = "[CP] Embed Pods Frameworks";
			outputFileListPaths = (
				"${PODS_ROOT}/Target Support Files/Pods-Triton-Cape/Pods-Triton-Cape-frameworks-${CONFIGURATION}-output-files.xcfilelist",
			);
			runOnlyForDeploymentPostprocessing = 0;
			shellPath = /bin/sh;
			shellScript = "\"${PODS_ROOT}/Target Support Files/Pods-Triton-Cape/Pods-Triton-Cape-frameworks.sh\"\n";
			showEnvVarsInLog = 0;
		};
/* End PBXShellScriptBuildPhase section */

/* Begin PBXSourcesBuildPhase section */
		D64D8B0E2728FE2600315F5B /* Sources */ = {
			isa = PBXSourcesBuildPhase;
			buildActionMask = 2147483647;
			files = (
				D64D8B46272D130B00315F5B /* loginViewController.swift in Sources */,
				D64D8B162728FE2600315F5B /* AppDelegate.swift in Sources */,
				D64D8B182728FE2600315F5B /* SceneDelegate.swift in Sources */,
				0D3B2D7027313A040053CB92 /* FeedTableViewController.swift in Sources */,
			);
			runOnlyForDeploymentPostprocessing = 0;
		};
		D64D8B242728FE2900315F5B /* Sources */ = {
			isa = PBXSourcesBuildPhase;
			buildActionMask = 2147483647;
			files = (
				D64D8B2D2728FE2900315F5B /* Triton_CapeTests.swift in Sources */,
			);
			runOnlyForDeploymentPostprocessing = 0;
		};
		D64D8B2F2728FE2900315F5B /* Sources */ = {
			isa = PBXSourcesBuildPhase;
			buildActionMask = 2147483647;
			files = (
				D64D8B382728FE2900315F5B /* Triton_CapeUITests.swift in Sources */,
			);
			runOnlyForDeploymentPostprocessing = 0;
		};
/* End PBXSourcesBuildPhase section */

/* Begin PBXTargetDependency section */
		D64D8B2A2728FE2900315F5B /* PBXTargetDependency */ = {
			isa = PBXTargetDependency;
			target = D64D8B112728FE2600315F5B /* Triton-Cape */;
			targetProxy = D64D8B292728FE2900315F5B /* PBXContainerItemProxy */;
		};
		D64D8B352728FE2900315F5B /* PBXTargetDependency */ = {
			isa = PBXTargetDependency;
			target = D64D8B112728FE2600315F5B /* Triton-Cape */;
			targetProxy = D64D8B342728FE2900315F5B /* PBXContainerItemProxy */;
		};
/* End PBXTargetDependency section */

/* Begin PBXVariantGroup section */
		D64D8B1B2728FE2600315F5B /* Main.storyboard */ = {
			isa = PBXVariantGroup;
			children = (
				D64D8B1C2728FE2600315F5B /* Base */,
			);
			name = Main.storyboard;
			sourceTree = "<group>";
		};
		D64D8B202728FE2900315F5B /* LaunchScreen.storyboard */ = {
			isa = PBXVariantGroup;
			children = (
				D64D8B212728FE2900315F5B /* Base */,
			);
			name = LaunchScreen.storyboard;
			sourceTree = "<group>";
		};
/* End PBXVariantGroup section */

/* Begin XCBuildConfiguration section */
		D64D8B3A2728FE2900315F5B /* Debug */ = {
			isa = XCBuildConfiguration;
			buildSettings = {
				ALWAYS_SEARCH_USER_PATHS = NO;
				CLANG_ANALYZER_NONNULL = YES;
				CLANG_ANALYZER_NUMBER_OBJECT_CONVERSION = YES_AGGRESSIVE;
				CLANG_CXX_LANGUAGE_STANDARD = "gnu++14";
				CLANG_CXX_LIBRARY = "libc++";
				CLANG_ENABLE_MODULES = YES;
				CLANG_ENABLE_OBJC_ARC = YES;
				CLANG_ENABLE_OBJC_WEAK = YES;
				CLANG_WARN_BLOCK_CAPTURE_AUTORELEASING = YES;
				CLANG_WARN_BOOL_CONVERSION = YES;
				CLANG_WARN_COMMA = YES;
				CLANG_WARN_CONSTANT_CONVERSION = YES;
				CLANG_WARN_DEPRECATED_OBJC_IMPLEMENTATIONS = YES;
				CLANG_WARN_DIRECT_OBJC_ISA_USAGE = YES_ERROR;
				CLANG_WARN_DOCUMENTATION_COMMENTS = YES;
				CLANG_WARN_EMPTY_BODY = YES;
				CLANG_WARN_ENUM_CONVERSION = YES;
				CLANG_WARN_INFINITE_RECURSION = YES;
				CLANG_WARN_INT_CONVERSION = YES;
				CLANG_WARN_NON_LITERAL_NULL_CONVERSION = YES;
				CLANG_WARN_OBJC_IMPLICIT_RETAIN_SELF = YES;
				CLANG_WARN_OBJC_LITERAL_CONVERSION = YES;
				CLANG_WARN_OBJC_ROOT_CLASS = YES_ERROR;
				CLANG_WARN_QUOTED_INCLUDE_IN_FRAMEWORK_HEADER = YES;
				CLANG_WARN_RANGE_LOOP_ANALYSIS = YES;
				CLANG_WARN_STRICT_PROTOTYPES = YES;
				CLANG_WARN_SUSPICIOUS_MOVE = YES;
				CLANG_WARN_UNGUARDED_AVAILABILITY = YES_AGGRESSIVE;
				CLANG_WARN_UNREACHABLE_CODE = YES;
				CLANG_WARN__DUPLICATE_METHOD_MATCH = YES;
				COPY_PHASE_STRIP = NO;
				DEBUG_INFORMATION_FORMAT = dwarf;
				ENABLE_STRICT_OBJC_MSGSEND = YES;
				ENABLE_TESTABILITY = YES;
				GCC_C_LANGUAGE_STANDARD = gnu11;
				GCC_DYNAMIC_NO_PIC = NO;
				GCC_NO_COMMON_BLOCKS = YES;
				GCC_OPTIMIZATION_LEVEL = 0;
				GCC_PREPROCESSOR_DEFINITIONS = (
					"DEBUG=1",
					"$(inherited)",
				);
				GCC_WARN_64_TO_32_BIT_CONVERSION = YES;
				GCC_WARN_ABOUT_RETURN_TYPE = YES_ERROR;
				GCC_WARN_UNDECLARED_SELECTOR = YES;
				GCC_WARN_UNINITIALIZED_AUTOS = YES_AGGRESSIVE;
				GCC_WARN_UNUSED_FUNCTION = YES;
				GCC_WARN_UNUSED_VARIABLE = YES;
				IPHONEOS_DEPLOYMENT_TARGET = 14.5;
				MTL_ENABLE_DEBUG_INFO = INCLUDE_SOURCE;
				MTL_FAST_MATH = YES;
				ONLY_ACTIVE_ARCH = YES;
				SDKROOT = iphoneos;
				SWIFT_ACTIVE_COMPILATION_CONDITIONS = DEBUG;
				SWIFT_OPTIMIZATION_LEVEL = "-Onone";
			};
			name = Debug;
		};
		D64D8B3B2728FE2900315F5B /* Release */ = {
			isa = XCBuildConfiguration;
			buildSettings = {
				ALWAYS_SEARCH_USER_PATHS = NO;
				CLANG_ANALYZER_NONNULL = YES;
				CLANG_ANALYZER_NUMBER_OBJECT_CONVERSION = YES_AGGRESSIVE;
				CLANG_CXX_LANGUAGE_STANDARD = "gnu++14";
				CLANG_CXX_LIBRARY = "libc++";
				CLANG_ENABLE_MODULES = YES;
				CLANG_ENABLE_OBJC_ARC = YES;
				CLANG_ENABLE_OBJC_WEAK = YES;
				CLANG_WARN_BLOCK_CAPTURE_AUTORELEASING = YES;
				CLANG_WARN_BOOL_CONVERSION = YES;
				CLANG_WARN_COMMA = YES;
				CLANG_WARN_CONSTANT_CONVERSION = YES;
				CLANG_WARN_DEPRECATED_OBJC_IMPLEMENTATIONS = YES;
				CLANG_WARN_DIRECT_OBJC_ISA_USAGE = YES_ERROR;
				CLANG_WARN_DOCUMENTATION_COMMENTS = YES;
				CLANG_WARN_EMPTY_BODY = YES;
				CLANG_WARN_ENUM_CONVERSION = YES;
				CLANG_WARN_INFINITE_RECURSION = YES;
				CLANG_WARN_INT_CONVERSION = YES;
				CLANG_WARN_NON_LITERAL_NULL_CONVERSION = YES;
				CLANG_WARN_OBJC_IMPLICIT_RETAIN_SELF = YES;
				CLANG_WARN_OBJC_LITERAL_CONVERSION = YES;
				CLANG_WARN_OBJC_ROOT_CLASS = YES_ERROR;
				CLANG_WARN_QUOTED_INCLUDE_IN_FRAMEWORK_HEADER = YES;
				CLANG_WARN_RANGE_LOOP_ANALYSIS = YES;
				CLANG_WARN_STRICT_PROTOTYPES = YES;
				CLANG_WARN_SUSPICIOUS_MOVE = YES;
				CLANG_WARN_UNGUARDED_AVAILABILITY = YES_AGGRESSIVE;
				CLANG_WARN_UNREACHABLE_CODE = YES;
				CLANG_WARN__DUPLICATE_METHOD_MATCH = YES;
				COPY_PHASE_STRIP = NO;
				DEBUG_INFORMATION_FORMAT = "dwarf-with-dsym";
				ENABLE_NS_ASSERTIONS = NO;
				ENABLE_STRICT_OBJC_MSGSEND = YES;
				GCC_C_LANGUAGE_STANDARD = gnu11;
				GCC_NO_COMMON_BLOCKS = YES;
				GCC_WARN_64_TO_32_BIT_CONVERSION = YES;
				GCC_WARN_ABOUT_RETURN_TYPE = YES_ERROR;
				GCC_WARN_UNDECLARED_SELECTOR = YES;
				GCC_WARN_UNINITIALIZED_AUTOS = YES_AGGRESSIVE;
				GCC_WARN_UNUSED_FUNCTION = YES;
				GCC_WARN_UNUSED_VARIABLE = YES;
				IPHONEOS_DEPLOYMENT_TARGET = 14.5;
				MTL_ENABLE_DEBUG_INFO = NO;
				MTL_FAST_MATH = YES;
				SDKROOT = iphoneos;
				SWIFT_COMPILATION_MODE = wholemodule;
				SWIFT_OPTIMIZATION_LEVEL = "-O";
				VALIDATE_PRODUCT = YES;
			};
			name = Release;
		};
		D64D8B3D2728FE2900315F5B /* Debug */ = {
			isa = XCBuildConfiguration;
			baseConfigurationReference = 5237C6241B6F49EECF63EECB /* Pods-Triton-Cape.debug.xcconfig */;
			buildSettings = {
				ASSETCATALOG_COMPILER_APPICON_NAME = AppIcon;
				ASSETCATALOG_COMPILER_GLOBAL_ACCENT_COLOR_NAME = AccentColor;
				CODE_SIGN_STYLE = Automatic;
				INFOPLIST_FILE = "Triton-Cape/Info.plist";
				LD_RUNPATH_SEARCH_PATHS = (
					"$(inherited)",
					"@executable_path/Frameworks",
				);
				PRODUCT_BUNDLE_IDENTIFIER = "tcn002.ucsd.edu.Triton-Cape";
				PRODUCT_NAME = "$(TARGET_NAME)";
				SWIFT_VERSION = 5.0;
				TARGETED_DEVICE_FAMILY = "1,2";
			};
			name = Debug;
		};
		D64D8B3E2728FE2900315F5B /* Release */ = {
			isa = XCBuildConfiguration;
			baseConfigurationReference = 0A8674C1B99FC67283B07D0B /* Pods-Triton-Cape.release.xcconfig */;
			buildSettings = {
				ASSETCATALOG_COMPILER_APPICON_NAME = AppIcon;
				ASSETCATALOG_COMPILER_GLOBAL_ACCENT_COLOR_NAME = AccentColor;
				CODE_SIGN_STYLE = Automatic;
				INFOPLIST_FILE = "Triton-Cape/Info.plist";
				LD_RUNPATH_SEARCH_PATHS = (
					"$(inherited)",
					"@executable_path/Frameworks",
				);
				PRODUCT_BUNDLE_IDENTIFIER = "tcn002.ucsd.edu.Triton-Cape";
				PRODUCT_NAME = "$(TARGET_NAME)";
				SWIFT_VERSION = 5.0;
				TARGETED_DEVICE_FAMILY = "1,2";
			};
			name = Release;
		};
		D64D8B402728FE2900315F5B /* Debug */ = {
			isa = XCBuildConfiguration;
			baseConfigurationReference = E97E7D94AFD8A1C3B8D88895 /* Pods-Triton-CapeTests.debug.xcconfig */;
			buildSettings = {
				ALWAYS_EMBED_SWIFT_STANDARD_LIBRARIES = YES;
				BUNDLE_LOADER = "$(TEST_HOST)";
				CODE_SIGN_STYLE = Automatic;
				INFOPLIST_FILE = "Triton-CapeTests/Info.plist";
				IPHONEOS_DEPLOYMENT_TARGET = 14.5;
				LD_RUNPATH_SEARCH_PATHS = (
					"$(inherited)",
					"@executable_path/Frameworks",
					"@loader_path/Frameworks",
				);
				PRODUCT_BUNDLE_IDENTIFIER = "tcn002.ucsd.edu.Triton-CapeTests";
				PRODUCT_NAME = "$(TARGET_NAME)";
				SWIFT_VERSION = 5.0;
				TARGETED_DEVICE_FAMILY = "1,2";
				TEST_HOST = "$(BUILT_PRODUCTS_DIR)/Triton-Cape.app/Triton-Cape";
			};
			name = Debug;
		};
		D64D8B412728FE2900315F5B /* Release */ = {
			isa = XCBuildConfiguration;
			baseConfigurationReference = 2935B98A2AB56AF856CAE44B /* Pods-Triton-CapeTests.release.xcconfig */;
			buildSettings = {
				ALWAYS_EMBED_SWIFT_STANDARD_LIBRARIES = YES;
				BUNDLE_LOADER = "$(TEST_HOST)";
				CODE_SIGN_STYLE = Automatic;
				INFOPLIST_FILE = "Triton-CapeTests/Info.plist";
				IPHONEOS_DEPLOYMENT_TARGET = 14.5;
				LD_RUNPATH_SEARCH_PATHS = (
					"$(inherited)",
					"@executable_path/Frameworks",
					"@loader_path/Frameworks",
				);
				PRODUCT_BUNDLE_IDENTIFIER = "tcn002.ucsd.edu.Triton-CapeTests";
				PRODUCT_NAME = "$(TARGET_NAME)";
				SWIFT_VERSION = 5.0;
				TARGETED_DEVICE_FAMILY = "1,2";
				TEST_HOST = "$(BUILT_PRODUCTS_DIR)/Triton-Cape.app/Triton-Cape";
			};
			name = Release;
		};
		D64D8B432728FE2900315F5B /* Debug */ = {
			isa = XCBuildConfiguration;
			baseConfigurationReference = 072CB527ADC907A55B99605F /* Pods-Triton-Cape-Triton-CapeUITests.debug.xcconfig */;
			buildSettings = {
				ALWAYS_EMBED_SWIFT_STANDARD_LIBRARIES = YES;
				CODE_SIGN_STYLE = Automatic;
				INFOPLIST_FILE = "Triton-CapeUITests/Info.plist";
				LD_RUNPATH_SEARCH_PATHS = (
					"$(inherited)",
					"@executable_path/Frameworks",
					"@loader_path/Frameworks",
				);
				PRODUCT_BUNDLE_IDENTIFIER = "tcn002.ucsd.edu.Triton-CapeUITests";
				PRODUCT_NAME = "$(TARGET_NAME)";
				SWIFT_VERSION = 5.0;
				TARGETED_DEVICE_FAMILY = "1,2";
				TEST_TARGET_NAME = "Triton-Cape";
			};
			name = Debug;
		};
		D64D8B442728FE2900315F5B /* Release */ = {
			isa = XCBuildConfiguration;
			baseConfigurationReference = 3FDB8CF9B845C0FAAE30FE9E /* Pods-Triton-Cape-Triton-CapeUITests.release.xcconfig */;
			buildSettings = {
				ALWAYS_EMBED_SWIFT_STANDARD_LIBRARIES = YES;
				CODE_SIGN_STYLE = Automatic;
				INFOPLIST_FILE = "Triton-CapeUITests/Info.plist";
				LD_RUNPATH_SEARCH_PATHS = (
					"$(inherited)",
					"@executable_path/Frameworks",
					"@loader_path/Frameworks",
				);
				PRODUCT_BUNDLE_IDENTIFIER = "tcn002.ucsd.edu.Triton-CapeUITests";
				PRODUCT_NAME = "$(TARGET_NAME)";
				SWIFT_VERSION = 5.0;
				TARGETED_DEVICE_FAMILY = "1,2";
				TEST_TARGET_NAME = "Triton-Cape";
			};
			name = Release;
		};
/* End XCBuildConfiguration section */

/* Begin XCConfigurationList section */
		D64D8B0D2728FE2600315F5B /* Build configuration list for PBXProject "Triton-Cape" */ = {
			isa = XCConfigurationList;
			buildConfigurations = (
				D64D8B3A2728FE2900315F5B /* Debug */,
				D64D8B3B2728FE2900315F5B /* Release */,
			);
			defaultConfigurationIsVisible = 0;
			defaultConfigurationName = Release;
		};
		D64D8B3C2728FE2900315F5B /* Build configuration list for PBXNativeTarget "Triton-Cape" */ = {
			isa = XCConfigurationList;
			buildConfigurations = (
				D64D8B3D2728FE2900315F5B /* Debug */,
				D64D8B3E2728FE2900315F5B /* Release */,
			);
			defaultConfigurationIsVisible = 0;
			defaultConfigurationName = Release;
		};
		D64D8B3F2728FE2900315F5B /* Build configuration list for PBXNativeTarget "Triton-CapeTests" */ = {
			isa = XCConfigurationList;
			buildConfigurations = (
				D64D8B402728FE2900315F5B /* Debug */,
				D64D8B412728FE2900315F5B /* Release */,
			);
			defaultConfigurationIsVisible = 0;
			defaultConfigurationName = Release;
		};
		D64D8B422728FE2900315F5B /* Build configuration list for PBXNativeTarget "Triton-CapeUITests" */ = {
			isa = XCConfigurationList;
			buildConfigurations = (
				D64D8B432728FE2900315F5B /* Debug */,
				D64D8B442728FE2900315F5B /* Release */,
			);
			defaultConfigurationIsVisible = 0;
			defaultConfigurationName = Release;
		};
/* End XCConfigurationList section */
	};
	rootObject = D64D8B0A2728FE2600315F5B /* Project object */;
}
